
Microsoft Visual Studio Solution File, Format Version 12.00
# Visual Studio Version 16
VisualStudioVersion = 16.0.32630.194
MinimumVisualStudioVersion = 10.0.40219.1
Project("{9A19103F-16F7-4668-BE54-9A1E7A4F7556}") = "ForumSystem", "ForumSystem\ForumSystem.csproj", "{A9866D2E-83F1-495E-A2E6-0A84E8CCC564}"
EndProject
Project("{FAE04EC0-301F-11D3-BF4B-00C04F79EFBC}") = "ForumSystem.Test", "ForumSystem.Test\ForumSystem.Test.csproj", "{376452C0-A681-4DFB-80DA-4D9CF311F1BF}"
EndProject
Global
	GlobalSection(SolutionConfigurationPlatforms) = preSolution
		Debug|Any CPU = Debug|Any CPU
		Release|Any CPU = Release|Any CPU
	EndGlobalSection
	GlobalSection(ProjectConfigurationPlatforms) = postSolution
		{A9866D2E-83F1-495E-A2E6-0A84E8CCC564}.Debug|Any CPU.ActiveCfg = Debug|Any CPU
		{A9866D2E-83F1-495E-A2E6-0A84E8CCC564}.Debug|Any CPU.Build.0 = Debug|Any CPU
		{A9866D2E-83F1-495E-A2E6-0A84E8CCC564}.Release|Any CPU.ActiveCfg = Release|Any CPU
		{A9866D2E-83F1-495E-A2E6-0A84E8CCC564}.Release|Any CPU.Build.0 = Release|Any CPU
		{376452C0-A681-4DFB-80DA-4D9CF311F1BF}.Debug|Any CPU.ActiveCfg = Debug|Any CPU
		{376452C0-A681-4DFB-80DA-4D9CF311F1BF}.Debug|Any CPU.Build.0 = Debug|Any CPU
		{376452C0-A681-4DFB-80DA-4D9CF311F1BF}.Release|Any CPU.ActiveCfg = Release|Any CPU
		{376452C0-A681-4DFB-80DA-4D9CF311F1BF}.Release|Any CPU.Build.0 = Release|Any CPU
	EndGlobalSection
	GlobalSection(SolutionProperties) = preSolution
		HideSolutionNode = FALSE
	EndGlobalSection
	GlobalSection(ExtensibilityGlobals) = postSolution
		SolutionGuid = {2EAB9DCC-1509-47BF-B39E-845D815CDA9F}
	EndGlobalSection
EndGlobal
